
Microsoft Visual Studio Solution File, Format Version 12.00
# Visual Studio Version 16
VisualStudioVersion = 16.0.29411.108
MinimumVisualStudioVersion = 10.0.40219.1
Project("{8BC9CEB8-8B4A-11D0-8D11-00A0C91BC942}") = "KorkeusDEMOCPP", "KorkeusDEMOCPP\KorkeusDEMOCPP.vcxproj", "{634A1EDF-5344-4D1A-86E1-D4A7A3A4F73D}"
EndProject
Global
	GlobalSection(SolutionConfigurationPlatforms) = preSolution
		Debug|x64 = Debug|x64
		Debug|x86 = Debug|x86
		Release|x64 = Release|x64
		Release|x86 = Release|x86
	EndGlobalSection
	GlobalSection(ProjectConfigurationPlatforms) = postSolution
		{634A1EDF-5344-4D1A-86E1-D4A7A3A4F73D}.Debug|x64.ActiveCfg = Debug|x64
		{634A1EDF-5344-4D1A-86E1-D4A7A3A4F73D}.Debug|x64.Build.0 = Debug|x64
		{634A1EDF-5344-4D1A-86E1-D4A7A3A4F73D}.Debug|x86.ActiveCfg = Debug|Win32
		{634A1EDF-5344-4D1A-86E1-D4A7A3A4F73D}.Debug|x86.Build.0 = Debug|Win32
		{634A1EDF-5344-4D1A-86E1-D4A7A3A4F73D}.Release|x64.ActiveCfg = Release|x64
		{634A1EDF-5344-4D1A-86E1-D4A7A3A4F73D}.Release|x64.Build.0 = Release|x64
		{634A1EDF-5344-4D1A-86E1-D4A7A3A4F73D}.Release|x86.ActiveCfg = Release|Win32
		{634A1EDF-5344-4D1A-86E1-D4A7A3A4F73D}.Release|x86.Build.0 = Release|Win32
	EndGlobalSection
	GlobalSection(SolutionProperties) = preSolution
		HideSolutionNode = FALSE
	EndGlobalSection
	GlobalSection(ExtensibilityGlobals) = postSolution
		SolutionGuid = {CBBD5435-EFE4-4E33-86D5-DEF4FA0C6096}
	EndGlobalSection
EndGlobal
